// !$*UTF8*$!
{
	archiveVersion = 1;
	classes = {
	};
	objectVersion = 46;
	objects = {

/* Begin PBXBuildFile section */
		253CF03B1B3D69C400BF0454 /* main.m in Sources */ = {isa = PBXBuildFile; fileRef = 253CF03A1B3D69C400BF0454 /* main.m */; };
		253CF03E1B3D69C400BF0454 /* AppDelegate.m in Sources */ = {isa = PBXBuildFile; fileRef = 253CF03D1B3D69C400BF0454 /* AppDelegate.m */; };
		253CF0411B3D69C400BF0454 /* ViewController.m in Sources */ = {isa = PBXBuildFile; fileRef = 253CF0401B3D69C400BF0454 /* ViewController.m */; };
		253CF0441B3D69C500BF0454 /* Main.storyboard in Resources */ = {isa = PBXBuildFile; fileRef = 253CF0421B3D69C500BF0454 /* Main.storyboard */; };
		253CF0461B3D69C500BF0454 /* Images.xcassets in Resources */ = {isa = PBXBuildFile; fileRef = 253CF0451B3D69C500BF0454 /* Images.xcassets */; };
		253CF0491B3D69C500BF0454 /* LaunchScreen.xib in Resources */ = {isa = PBXBuildFile; fileRef = 253CF0471B3D69C500BF0454 /* LaunchScreen.xib */; };
		253CF0551B3D69C500BF0454 /* GitTestIOSTests.m in Sources */ = {isa = PBXBuildFile; fileRef = 253CF0541B3D69C500BF0454 /* GitTestIOSTests.m */; };
/* End PBXBuildFile section */

/* Begin PBXContainerItemProxy section */
		253CF04F1B3D69C500BF0454 /* PBXContainerItemProxy */ = {
			isa = PBXContainerItemProxy;
			containerPortal = 253CF02D1B3D69C300BF0454 /* Project object */;
			proxyType = 1;
			remoteGlobalIDString = 253CF0341B3D69C300BF0454;
			remoteInfo = GitTestIOS;
		};
/* End PBXContainerItemProxy section */

/* Begin PBXFileReference section */
		253CF0351B3D69C400BF0454 /* GitTestIOS.app */ = {isa = PBXFileReference; explicitFileType = wrapper.application; includeInIndex = 0; path = GitTestIOS.app; sourceTree = BUILT_PRODUCTS_DIR; };
		253CF0391B3D69C400BF0454 /* Info.plist */ = {isa = PBXFileReference; lastKnownFileType = text.plist.xml; path = Info.plist; sourceTree = "<group>"; };
		253CF03A1B3D69C400BF0454 /* main.m */ = {isa = PBXFileReference; lastKnownFileType = sourcecode.c.objc; path = main.m; sourceTree = "<group>"; };
		253CF03C1B3D69C400BF0454 /* AppDelegate.h */ = {isa = PBXFileReference; lastKnownFileType = sourcecode.c.h; path = AppDelegate.h; sourceTree = "<group>"; };
		253CF03D1B3D69C400BF0454 /* AppDelegate.m */ = {isa = PBXFileReference; lastKnownFileType = sourcecode.c.objc; path = AppDelegate.m; sourceTree = "<group>"; };
		253CF03F1B3D69C400BF0454 /* ViewController.h */ = {isa = PBXFileReference; lastKnownFileType = sourcecode.c.h; path = ViewController.h; sourceTree = "<group>"; };
		253CF0401B3D69C400BF0454 /* ViewController.m */ = {isa = PBXFileReference; lastKnownFileType = sourcecode.c.objc; path = ViewController.m; sourceTree = "<group>"; };
		253CF0431B3D69C500BF0454 /* Base */ = {isa = PBXFileReference; lastKnownFileType = file.storyboard; name = Base; path = Base.lproj/Main.storyboard; sourceTree = "<group>"; };
		253CF0451B3D69C500BF0454 /* Images.xcassets */ = {isa = PBXFileReference; lastKnownFileType = folder.assetcatalog; path = Images.xcassets; sourceTree = "<group>"; };
		253CF0481B3D69C500BF0454 /* Base */ = {isa = PBXFileReference; lastKnownFileType = file.xib; name = Base; path = Base.lproj/LaunchScreen.xib; sourceTree = "<group>"; };
		253CF04E1B3D69C500BF0454 /* GitTestIOSTests.xctest */ = {isa = PBXFileReference; explicitFileType = wrapper.cfbundle; includeInIndex = 0; path = GitTestIOSTests.xctest; sourceTree = BUILT_PRODUCTS_DIR; };
		253CF0531B3D69C500BF0454 /* Info.plist */ = {isa = PBXFileReference; lastKnownFileType = text.plist.xml; path = Info.plist; sourceTree = "<group>"; };
		253CF0541B3D69C500BF0454 /* GitTestIOSTests.m */ = {isa = PBXFileReference; lastKnownFileType = sourcecode.c.objc; path = GitTestIOSTests.m; sourceTree = "<group>"; };
/* End PBXFileReference section */

/* Begin PBXFrameworksBuildPhase section */
		253CF0321B3D69C300BF0454 /* Frameworks */ = {
			isa = PBXFrameworksBuildPhase;
			buildActionMask = 2147483647;
			files = (
			);
			runOnlyForDeploymentPostprocessing = 0;
		};
		253CF04B1B3D69C500BF0454 /* Frameworks */ = {
			isa = PBXFrameworksBuildPhase;
			buildActionMask = 2147483647;
			files = (
			);
			runOnlyForDeploymentPostprocessing = 0;
		};
/* End PBXFrameworksBuildPhase section */

/* Begin PBXGroup section */
		253CF02C1B3D69C300BF0454 = {
			isa = PBXGroup;
			children = (
				253CF0371B3D69C400BF0454 /* GitTestIOS */,
				253CF0511B3D69C500BF0454 /* GitTestIOSTests */,
				253CF0361B3D69C400BF0454 /* Products */,
			);
			sourceTree = "<group>";
		};
		253CF0361B3D69C400BF0454 /* Products */ = {
			isa = PBXGroup;
			children = (
				253CF0351B3D69C400BF0454 /* GitTestIOS.app */,
				253CF04E1B3D69C500BF0454 /* GitTestIOSTests.xctest */,
			);
			name = Products;
			sourceTree = "<group>";
		};
		253CF0371B3D69C400BF0454 /* GitTestIOS */ = {
			isa = PBXGroup;
			children = (
				253CF03C1B3D69C400BF0454 /* AppDelegate.h */,
				253CF03D1B3D69C400BF0454 /* AppDelegate.m */,
				253CF03F1B3D69C400BF0454 /* ViewController.h */,
				253CF0401B3D69C400BF0454 /* ViewController.m */,
				253CF0421B3D69C500BF0454 /* Main.storyboard */,
				253CF0451B3D69C500BF0454 /* Images.xcassets */,
				253CF0471B3D69C500BF0454 /* LaunchScreen.xib */,
				253CF0381B3D69C400BF0454 /* Supporting Files */,
			);
			path = GitTestIOS;
			sourceTree = "<group>";
		};
		253CF0381B3D69C400BF0454 /* Supporting Files */ = {
			isa = PBXGroup;
			children = (
				253CF0391B3D69C400BF0454 /* Info.plist */,
				253CF03A1B3D69C400BF0454 /* main.m */,
			);
			name = "Supporting Files";
			sourceTree = "<group>";
		};
		253CF0511B3D69C500BF0454 /* GitTestIOSTests */ = {
			isa = PBXGroup;
			children = (
				253CF0541B3D69C500BF0454 /* GitTestIOSTests.m */,
				253CF0521B3D69C500BF0454 /* Supporting Files */,
			);
			path = GitTestIOSTests;
			sourceTree = "<group>";
		};
		253CF0521B3D69C500BF0454 /* Supporting Files */ = {
			isa = PBXGroup;
			children = (
				253CF0531B3D69C500BF0454 /* Info.plist */,
			);
			name = "Supporting Files";
			sourceTree = "<group>";
		};
/* End PBXGroup section */

/* Begin PBXNativeTarget section */
		253CF0341B3D69C300BF0454 /* GitTestIOS */ = {
			isa = PBXNativeTarget;
			buildConfigurationList = 253CF0581B3D69C500BF0454 /* Build configuration list for PBXNativeTarget "GitTestIOS" */;
			buildPhases = (
				253CF0311B3D69C300BF0454 /* Sources */,
				253CF0321B3D69C300BF0454 /* Frameworks */,
				253CF0331B3D69C300BF0454 /* Resources */,
			);
			buildRules = (
			);
			dependencies = (
			);
			name = GitTestIOS;
			productName = GitTestIOS;
			productReference = 253CF0351B3D69C400BF0454 /* GitTestIOS.app */;
			productType = "com.apple.product-type.application";
		};
		253CF04D1B3D69C500BF0454 /* GitTestIOSTests */ = {
			isa = PBXNativeTarget;
			buildConfigurationList = 253CF05B1B3D69C500BF0454 /* Build configuration list for PBXNativeTarget "GitTestIOSTests" */;
			buildPhases = (
				253CF04A1B3D69C500BF0454 /* Sources */,
				253CF04B1B3D69C500BF0454 /* Frameworks */,
				253CF04C1B3D69C500BF0454 /* Resources */,
			);
			buildRules = (
			);
			dependencies = (
				253CF0501B3D69C500BF0454 /* PBXTargetDependency */,
			);
			name = GitTestIOSTests;
			productName = GitTestIOSTests;
			productReference = 253CF04E1B3D69C500BF0454 /* GitTestIOSTests.xctest */;
			productType = "com.apple.product-type.bundle.unit-test";
		};
/* End PBXNativeTarget section */

/* Begin PBXProject section */
		253CF02D1B3D69C300BF0454 /* Project object */ = {
			isa = PBXProject;
			attributes = {
				LastUpgradeCheck = 0620;
				ORGANIZATIONNAME = testCelebrus;
				TargetAttributes = {
					253CF0341B3D69C300BF0454 = {
						CreatedOnToolsVersion = 6.2;
					};
					253CF04D1B3D69C500BF0454 = {
						CreatedOnToolsVersion = 6.2;
						TestTargetID = 253CF0341B3D69C300BF0454;
					};
				};
			};
			buildConfigurationList = 253CF0301B3D69C300BF0454 /* Build configuration list for PBXProject "GitTestIOS" */;
			compatibilityVersion = "Xcode 3.2";
			developmentRegion = English;
			hasScannedForEncodings = 0;
			knownRegions = (
				en,
				Base,
			);
			mainGroup = 253CF02C1B3D69C300BF0454;
			productRefGroup = 253CF0361B3D69C400BF0454 /* Products */;
			projectDirPath = "";
			projectRoot = "";
			targets = (
				253CF0341B3D69C300BF0454 /* GitTestIOS */,
				253CF04D1B3D69C500BF0454 /* GitTestIOSTests */,
			);
		};
/* End PBXProject section */

/* Begin PBXResourcesBuildPhase section */
		253CF0331B3D69C300BF0454 /* Resources */ = {
			isa = PBXResourcesBuildPhase;
			buildActionMask = 2147483647;
			files = (
				253CF0441B3D69C500BF0454 /* Main.storyboard in Resources */,
				253CF0491B3D69C500BF0454 /* LaunchScreen.xib in Resources */,
				253CF0461B3D69C500BF0454 /* Images.xcassets in Resources */,
			);
			runOnlyForDeploymentPostprocessing = 0;
		};
		253CF04C1B3D69C500BF0454 /* Resources */ = {
			isa = PBXResourcesBuildPhase;
			buildActionMask = 2147483647;
			files = (
			);
			runOnlyForDeploymentPostprocessing = 0;
		};
/* End PBXResourcesBuildPhase section */

/* Begin PBXSourcesBuildPhase section */
		253CF0311B3D69C300BF0454 /* Sources */ = {
			isa = PBXSourcesBuildPhase;
			buildActionMask = 2147483647;
			files = (
				253CF0411B3D69C400BF0454 /* ViewController.m in Sources */,
				253CF03E1B3D69C400BF0454 /* AppDelegate.m in Sources */,
				253CF03B1B3D69C400BF0454 /* main.m in Sources */,
			);
			runOnlyForDeploymentPostprocessing = 0;
		};
		253CF04A1B3D69C500BF0454 /* Sources */ = {
			isa = PBXSourcesBuildPhase;
			buildActionMask = 2147483647;
			files = (
				253CF0551B3D69C500BF0454 /* GitTestIOSTests.m in Sources */,
			);
			runOnlyForDeploymentPostprocessing = 0;
		};
/* End PBXSourcesBuildPhase section */

/* Begin PBXTargetDependency section */
		253CF0501B3D69C500BF0454 /* PBXTargetDependency */ = {
			isa = PBXTargetDependency;
			target = 253CF0341B3D69C300BF0454 /* GitTestIOS */;
			targetProxy = 253CF04F1B3D69C500BF0454 /* PBXContainerItemProxy */;
		};
/* End PBXTargetDependency section */

/* Begin PBXVariantGroup section */
		253CF0421B3D69C500BF0454 /* Main.storyboard */ = {
			isa = PBXVariantGroup;
			children = (
				253CF0431B3D69C500BF0454 /* Base */,
			);
			name = Main.storyboard;
			sourceTree = "<group>";
		};
		253CF0471B3D69C500BF0454 /* LaunchScreen.xib */ = {
			isa = PBXVariantGroup;
			children = (
				253CF0481B3D69C500BF0454 /* Base */,
			);
			name = LaunchScreen.xib;
			sourceTree = "<group>";
		};
/* End PBXVariantGroup section */

/* Begin XCBuildConfiguration section */
		253CF0561B3D69C500BF0454 /* Debug */ = {
			isa = XCBuildConfiguration;
			buildSettings = {
				ALWAYS_SEARCH_USER_PATHS = NO;
				CLANG_CXX_LANGUAGE_STANDARD = "gnu++0x";
				CLANG_CXX_LIBRARY = "libc++";
				CLANG_ENABLE_MODULES = YES;
				CLANG_ENABLE_OBJC_ARC = YES;
				CLANG_WARN_BOOL_CONVERSION = YES;
				CLANG_WARN_CONSTANT_CONVERSION = YES;
				CLANG_WARN_DIRECT_OBJC_ISA_USAGE = YES_ERROR;
				CLANG_WARN_EMPTY_BODY = YES;
				CLANG_WARN_ENUM_CONVERSION = YES;
				CLANG_WARN_INT_CONVERSION = YES;
				CLANG_WARN_OBJC_ROOT_CLASS = YES_ERROR;
				CLANG_WARN_UNREACHABLE_CODE = YES;
				CLANG_WARN__DUPLICATE_METHOD_MATCH = YES;
				"CODE_SIGN_IDENTITY[sdk=iphoneos*]" = "iPhone Developer";
				COPY_PHASE_STRIP = NO;
				ENABLE_STRICT_OBJC_MSGSEND = YES;
				GCC_C_LANGUAGE_STANDARD = gnu99;
				GCC_DYNAMIC_NO_PIC = NO;
				GCC_OPTIMIZATION_LEVEL = 0;
				GCC_PREPROCESSOR_DEFINITIONS = (
					"DEBUG=1",
					"$(inherited)",
				);
				GCC_SYMBOLS_PRIVATE_EXTERN = NO;
				GCC_WARN_64_TO_32_BIT_CONVERSION = YES;
				GCC_WARN_ABOUT_RETURN_TYPE = YES_ERROR;
				GCC_WARN_UNDECLARED_SELECTOR = YES;
				GCC_WARN_UNINITIALIZED_AUTOS = YES_AGGRESSIVE;
				GCC_WARN_UNUSED_FUNCTION = YES;
				GCC_WARN_UNUSED_VARIABLE = YES;
				IPHONEOS_DEPLOYMENT_TARGET = 8.2;
				MTL_ENABLE_DEBUG_INFO = YES;
				ONLY_ACTIVE_ARCH = YES;
				SDKROOT = iphoneos;
				TARGETED_DEVICE_FAMILY = "1,2";
			};
			name = Debug;
		};
		253CF0571B3D69C500BF0454 /* Release */ = {
			isa = XCBuildConfiguration;
			buildSettings = {
				ALWAYS_SEARCH_USER_PATHS = NO;
				CLANG_CXX_LANGUAGE_STANDARD = "gnu++0x";
				CLANG_CXX_LIBRARY = "libc++";
				CLANG_ENABLE_MODULES = YES;
				CLANG_ENABLE_OBJC_ARC = YES;
				CLANG_WARN_BOOL_CONVERSION = YES;
				CLANG_WARN_CONSTANT_CONVERSION = YES;
				CLANG_WARN_DIRECT_OBJC_ISA_USAGE = YES_ERROR;
				CLANG_WARN_EMPTY_BODY = YES;
				CLANG_WARN_ENUM_CONVERSION = YES;
				CLANG_WARN_INT_CONVERSION = YES;
				CLANG_WARN_OBJC_ROOT_CLASS = YES_ERROR;
				CLANG_WARN_UNREACHABLE_CODE = YES;
				CLANG_WARN__DUPLICATE_METHOD_MATCH = YES;
				"CODE_SIGN_IDENTITY[sdk=iphoneos*]" = "iPhone Developer";
				COPY_PHASE_STRIP = NO;
				ENABLE_NS_ASSERTIONS = NO;
				ENABLE_STRICT_OBJC_MSGSEND = YES;
				GCC_C_LANGUAGE_STANDARD = gnu99;
				GCC_WARN_64_TO_32_BIT_CONVERSION = YES;
				GCC_WARN_ABOUT_RETURN_TYPE = YES_ERROR;
				GCC_WARN_UNDECLARED_SELECTOR = YES;
				GCC_WARN_UNINITIALIZED_AUTOS = YES_AGGRESSIVE;
				GCC_WARN_UNUSED_FUNCTION = YES;
				GCC_WARN_UNUSED_VARIABLE = YES;
				IPHONEOS_DEPLOYMENT_TARGET = 8.2;
				MTL_ENABLE_DEBUG_INFO = NO;
				SDKROOT = iphoneos;
				TARGETED_DEVICE_FAMILY = "1,2";
				VALIDATE_PRODUCT = YES;
			};
			name = Release;
		};
		253CF0591B3D69C500BF0454 /* Debug */ = {
			isa = XCBuildConfiguration;
			buildSettings = {
				ASSETCATALOG_COMPILER_APPICON_NAME = AppIcon;
				INFOPLIST_FILE = GitTestIOS/Info.plist;
				LD_RUNPATH_SEARCH_PATHS = "$(inherited) @executable_path/Frameworks";
				PRODUCT_NAME = "$(TARGET_NAME)";
			};
			name = Debug;
		};
		253CF05A1B3D69C500BF0454 /* Release */ = {
			isa = XCBuildConfiguration;
			buildSettings = {
				ASSETCATALOG_COMPILER_APPICON_NAME = AppIcon;
				INFOPLIST_FILE = GitTestIOS/Info.plist;
				LD_RUNPATH_SEARCH_PATHS = "$(inherited) @executable_path/Frameworks";
				PRODUCT_NAME = "$(TARGET_NAME)";
			};
			name = Release;
		};
		253CF05C1B3D69C500BF0454 /* Debug */ = {
			isa = XCBuildConfiguration;
			buildSettings = {
				BUNDLE_LOADER = "$(TEST_HOST)";
				FRAMEWORK_SEARCH_PATHS = (
					"$(SDKROOT)/Developer/Library/Frameworks",
					"$(inherited)",
				);
				GCC_PREPROCESSOR_DEFINITIONS = (
					"DEBUG=1",
					"$(inherited)",
				);
				INFOPLIST_FILE = GitTestIOSTests/Info.plist;
				LD_RUNPATH_SEARCH_PATHS = "$(inherited) @executable_path/Frameworks @loader_path/Frameworks";
				PRODUCT_NAME = "$(TARGET_NAME)";
				TEST_HOST = "$(BUILT_PRODUCTS_DIR)/GitTestIOS.app/GitTestIOS";
			};
			name = Debug;
		};
		253CF05D1B3D69C500BF0454 /* Release */ = {
			isa = XCBuildConfiguration;
			buildSettings = {
				BUNDLE_LOADER = "$(TEST_HOST)";
				FRAMEWORK_SEARCH_PATHS = (
					"$(SDKROOT)/Developer/Library/Frameworks",
					"$(inherited)",
				);
				INFOPLIST_FILE = GitTestIOSTests/Info.plist;
				LD_RUNPATH_SEARCH_PATHS = "$(inherited) @executable_path/Frameworks @loader_path/Frameworks";
				PRODUCT_NAME = "$(TARGET_NAME)";
				TEST_HOST = "$(BUILT_PRODUCTS_DIR)/GitTestIOS.app/GitTestIOS";
			};
			name = Release;
		};
/* End XCBuildConfiguration section */

/* Begin XCConfigurationList section */
		253CF0301B3D69C300BF0454 /* Build configuration list for PBXProject "GitTestIOS" */ = {
			isa = XCConfigurationList;
			buildConfigurations = (
				253CF0561B3D69C500BF0454 /* Debug */,
				253CF0571B3D69C500BF0454 /* Release */,
			);
			defaultConfigurationIsVisible = 0;
			defaultConfigurationName = Release;
		};
		253CF0581B3D69C500BF0454 /* Build configuration list for PBXNativeTarget "GitTestIOS" */ = {
			isa = XCConfigurationList;
			buildConfigurations = (
				253CF0591B3D69C500BF0454 /* Debug */,
				253CF05A1B3D69C500BF0454 /* Release */,
			);
			defaultConfigurationIsVisible = 0;
		};
		253CF05B1B3D69C500BF0454 /* Build configuration list for PBXNativeTarget "GitTestIOSTests" */ = {
			isa = XCConfigurationList;
			buildConfigurations = (
				253CF05C1B3D69C500BF0454 /* Debug */,
				253CF05D1B3D69C500BF0454 /* Release */,
			);
			defaultConfigurationIsVisible = 0;
		};
/* End XCConfigurationList section */
	};
	rootObject = 253CF02D1B3D69C300BF0454 /* Project object */;
}
